
Microsoft Visual Studio Solution File, Format Version 12.00
# Visual Studio 2012
Project("{FAE04EC0-301F-11D3-BF4B-00C04F79EFBC}") = "SetremFramework", "SetremFramework\SetremFramework.csproj", "{5140F97A-092A-4362-BF3E-601C2EB119A0}"
EndProject
Project("{FAE04EC0-301F-11D3-BF4B-00C04F79EFBC}") = "Utils", "Utils\Utils.csproj", "{6814B6E4-8D03-4A0B-A4E2-85EB36D3E1F2}"
EndProject
Project("{FAE04EC0-301F-11D3-BF4B-00C04F79EFBC}") = "Tests", "Tests\Tests.csproj", "{1716FC54-F7C3-4CA5-B8C3-3C6A75D287CC}"
EndProject
Project("{FAE04EC0-301F-11D3-BF4B-00C04F79EFBC}") = "Entidades", "Entidades\Entidades.csproj", "{FE64DB19-B808-4F17-9C7E-B33BCBF828E4}"
EndProject
Global
	GlobalSection(SolutionConfigurationPlatforms) = preSolution
		Debug|Any CPU = Debug|Any CPU
		Release|Any CPU = Release|Any CPU
	EndGlobalSection
	GlobalSection(ProjectConfigurationPlatforms) = postSolution
		{5140F97A-092A-4362-BF3E-601C2EB119A0}.Debug|Any CPU.ActiveCfg = Debug|Any CPU
		{5140F97A-092A-4362-BF3E-601C2EB119A0}.Debug|Any CPU.Build.0 = Debug|Any CPU
		{5140F97A-092A-4362-BF3E-601C2EB119A0}.Release|Any CPU.ActiveCfg = Release|Any CPU
		{5140F97A-092A-4362-BF3E-601C2EB119A0}.Release|Any CPU.Build.0 = Release|Any CPU
		{6814B6E4-8D03-4A0B-A4E2-85EB36D3E1F2}.Debug|Any CPU.ActiveCfg = Debug|Any CPU
		{6814B6E4-8D03-4A0B-A4E2-85EB36D3E1F2}.Debug|Any CPU.Build.0 = Debug|Any CPU
		{6814B6E4-8D03-4A0B-A4E2-85EB36D3E1F2}.Release|Any CPU.ActiveCfg = Release|Any CPU
		{6814B6E4-8D03-4A0B-A4E2-85EB36D3E1F2}.Release|Any CPU.Build.0 = Release|Any CPU
		{1716FC54-F7C3-4CA5-B8C3-3C6A75D287CC}.Debug|Any CPU.ActiveCfg = Debug|Any CPU
		{1716FC54-F7C3-4CA5-B8C3-3C6A75D287CC}.Debug|Any CPU.Build.0 = Debug|Any CPU
		{1716FC54-F7C3-4CA5-B8C3-3C6A75D287CC}.Release|Any CPU.ActiveCfg = Release|Any CPU
		{1716FC54-F7C3-4CA5-B8C3-3C6A75D287CC}.Release|Any CPU.Build.0 = Release|Any CPU
		{FE64DB19-B808-4F17-9C7E-B33BCBF828E4}.Debug|Any CPU.ActiveCfg = Debug|Any CPU
		{FE64DB19-B808-4F17-9C7E-B33BCBF828E4}.Debug|Any CPU.Build.0 = Debug|Any CPU
		{FE64DB19-B808-4F17-9C7E-B33BCBF828E4}.Release|Any CPU.ActiveCfg = Release|Any CPU
		{FE64DB19-B808-4F17-9C7E-B33BCBF828E4}.Release|Any CPU.Build.0 = Release|Any CPU
	EndGlobalSection
	GlobalSection(SolutionProperties) = preSolution
		HideSolutionNode = FALSE
	EndGlobalSection
EndGlobal
